
Microsoft Visual Studio Solution File, Format Version 12.00
# Visual Studio Version 17
VisualStudioVersion = 17.9.34728.123
MinimumVisualStudioVersion = 10.0.40219.1
Project("{9A19103F-16F7-4668-BE54-9A1E7A4F7556}") = "TYUTDoor", "TYUTDoor.csproj", "{8493156E-2722-4224-BB8B-478BF0551775}"
EndProject
Global
	GlobalSection(SolutionConfigurationPlatforms) = preSolution
		Debug|Any CPU = Debug|Any CPU
		Release|Any CPU = Release|Any CPU
	EndGlobalSection
	GlobalSection(ProjectConfigurationPlatforms) = postSolution
		{8493156E-2722-4224-BB8B-478BF0551775}.Debug|Any CPU.ActiveCfg = Debug|Any CPU
		{8493156E-2722-4224-BB8B-478BF0551775}.Debug|Any CPU.Build.0 = Debug|Any CPU
		{8493156E-2722-4224-BB8B-478BF0551775}.Release|Any CPU.ActiveCfg = Release|Any CPU
		{8493156E-2722-4224-BB8B-478BF0551775}.Release|Any CPU.Build.0 = Release|Any CPU
	EndGlobalSection
	GlobalSection(SolutionProperties) = preSolution
		HideSolutionNode = FALSE
	EndGlobalSection
	GlobalSection(ExtensibilityGlobals) = postSolution
		SolutionGuid = {B342351A-891E-4646-8807-F2519D9D8BA3}
	EndGlobalSection
EndGlobal
